{
  "name": "num-conv-string-test",
  "version": "1.0.0",
  "lockfileVersion": 1,
  "requires": true,
  "dependencies": {
    "lodash": {
      "version": "4.17.15",
      "resolved": "https://nexus.trdi.io/repository/npm-group/lodash/-/lodash-4.17.15.tgz",
      "integrity": "sha512-8xOcRHvCjnocdS5cpwXQXVzmmh5e5+saE2QGoeQmbKmRS6J3VQppPOIt0MnmE+4xlZoumy0GPG0D0MVIQbNA1A=="
    },
    "lodash-amd": {
      "version": "4.17.15",
      "resolved": "https://nexus.trdi.io/repository/npm-group/lodash-amd/-/lodash-amd-4.17.15.tgz",
      "integrity": "sha512-5BRkD2PWpNVfR2bebk9DZKKUdS14WqopG5iIwunVf6XjX13unmsxZgENAlI4AFRPmHFlo3+HSzVaLPMzVIwyDw=="
    },
    "num-conv-string": {
      "version": "1.1.0",
      "resolved": "https://registry.npmjs.org/num-conv-string/-/num-conv-string-1.1.0.tgz",
      "integrity": "sha512-zmob+0CGM0esgqCk2hTo2QjMEtUItFnrHbcKIihpf/RZEiMggOKgjGEEzsU7mZXjXuNl7Hy2Nt3lnAABdTWNRw=="
    },
    "requirejs": {
      "version": "2.3.6",
      "resolved": "https://nexus.trdi.io/repository/npm-group/requirejs/-/requirejs-2.3.6.tgz",
      "integrity": "sha512-ipEzlWQe6RK3jkzikgCupiTbTvm4S0/CAU5GlgptkN5SO6F3u0UD0K18wy6ErDqiCyP4J4YYe1HuAShvsxePLg=="
    }
  }
}
